
Microsoft Visual Studio Solution File, Format Version 12.00
# Visual Studio Version 16
VisualStudioVersion = 16.0.31605.320
MinimumVisualStudioVersion = 10.0.40219.1
Project("{FAE04EC0-301F-11D3-BF4B-00C04F79EFBC}") = "Fliperama desc Ficha", "Fliperama desc Ficha\Fliperama desc Ficha.csproj", "{3E176E97-EB4F-4E57-9E81-04C40A216280}"
EndProject
Global
	GlobalSection(SolutionConfigurationPlatforms) = preSolution
		Debug|Any CPU = Debug|Any CPU
		Release|Any CPU = Release|Any CPU
	EndGlobalSection
	GlobalSection(ProjectConfigurationPlatforms) = postSolution
		{3E176E97-EB4F-4E57-9E81-04C40A216280}.Debug|Any CPU.ActiveCfg = Debug|Any CPU
		{3E176E97-EB4F-4E57-9E81-04C40A216280}.Debug|Any CPU.Build.0 = Debug|Any CPU
		{3E176E97-EB4F-4E57-9E81-04C40A216280}.Release|Any CPU.ActiveCfg = Release|Any CPU
		{3E176E97-EB4F-4E57-9E81-04C40A216280}.Release|Any CPU.Build.0 = Release|Any CPU
	EndGlobalSection
	GlobalSection(SolutionProperties) = preSolution
		HideSolutionNode = FALSE
	EndGlobalSection
	GlobalSection(ExtensibilityGlobals) = postSolution
		SolutionGuid = {3820E429-1036-4916-B03C-BE3F3A5AC6A0}
	EndGlobalSection
EndGlobal
