
Microsoft Visual Studio Solution File, Format Version 12.00
# Visual Studio Version 16
VisualStudioVersion = 16.0.31605.320
MinimumVisualStudioVersion = 10.0.40219.1
Project("{FAE04EC0-301F-11D3-BF4B-00C04F79EFBC}") = "ExercicioPizzaria", "ExercicioPizzaria\ExercicioPizzaria.csproj", "{858DF80F-36DF-4454-96D0-BC616BF50808}"
EndProject
Global
	GlobalSection(SolutionConfigurationPlatforms) = preSolution
		Debug|Any CPU = Debug|Any CPU
		Release|Any CPU = Release|Any CPU
	EndGlobalSection
	GlobalSection(ProjectConfigurationPlatforms) = postSolution
		{858DF80F-36DF-4454-96D0-BC616BF50808}.Debug|Any CPU.ActiveCfg = Debug|Any CPU
		{858DF80F-36DF-4454-96D0-BC616BF50808}.Debug|Any CPU.Build.0 = Debug|Any CPU
		{858DF80F-36DF-4454-96D0-BC616BF50808}.Release|Any CPU.ActiveCfg = Release|Any CPU
		{858DF80F-36DF-4454-96D0-BC616BF50808}.Release|Any CPU.Build.0 = Release|Any CPU
	EndGlobalSection
	GlobalSection(SolutionProperties) = preSolution
		HideSolutionNode = FALSE
	EndGlobalSection
	GlobalSection(ExtensibilityGlobals) = postSolution
		SolutionGuid = {DBD673E7-6057-4153-983E-39D0BF67445A}
	EndGlobalSection
EndGlobal
